// !$*UTF8*$!
{
	archiveVersion = 1;
	classes = {
	};
	objectVersion = 46;
	objects = {

/* Begin PBXBuildFile section */
		842B130E1ED714C500A8BC12 /* Calculator.model.swift in Sources */ = {isa = PBXBuildFile; fileRef = 842B130D1ED714C500A8BC12 /* Calculator.model.swift */; };
		84FEF1A01ED4094900EA3752 /* AppDelegate.swift in Sources */ = {isa = PBXBuildFile; fileRef = 84FEF19F1ED4094900EA3752 /* AppDelegate.swift */; };
		84FEF1A21ED4094900EA3752 /* ViewController.swift in Sources */ = {isa = PBXBuildFile; fileRef = 84FEF1A11ED4094900EA3752 /* ViewController.swift */; };
		84FEF1A51ED4094900EA3752 /* Main.storyboard in Resources */ = {isa = PBXBuildFile; fileRef = 84FEF1A31ED4094900EA3752 /* Main.storyboard */; };
		84FEF1A71ED4094900EA3752 /* Assets.xcassets in Resources */ = {isa = PBXBuildFile; fileRef = 84FEF1A61ED4094900EA3752 /* Assets.xcassets */; };
		84FEF1AA1ED4094900EA3752 /* LaunchScreen.storyboard in Resources */ = {isa = PBXBuildFile; fileRef = 84FEF1A81ED4094900EA3752 /* LaunchScreen.storyboard */; };
		84FEF1B51ED4094900EA3752 /* KalkulatorTests.swift in Sources */ = {isa = PBXBuildFile; fileRef = 84FEF1B41ED4094900EA3752 /* KalkulatorTests.swift */; };
		84FEF1C01ED4094900EA3752 /* KalkulatorUITests.swift in Sources */ = {isa = PBXBuildFile; fileRef = 84FEF1BF1ED4094900EA3752 /* KalkulatorUITests.swift */; };
/* End PBXBuildFile section */

/* Begin PBXContainerItemProxy section */
		84FEF1B11ED4094900EA3752 /* PBXContainerItemProxy */ = {
			isa = PBXContainerItemProxy;
			containerPortal = 84FEF1941ED4094900EA3752 /* Project object */;
			proxyType = 1;
			remoteGlobalIDString = 84FEF19B1ED4094900EA3752;
			remoteInfo = Kalkulator;
		};
		84FEF1BC1ED4094900EA3752 /* PBXContainerItemProxy */ = {
			isa = PBXContainerItemProxy;
			containerPortal = 84FEF1941ED4094900EA3752 /* Project object */;
			proxyType = 1;
			remoteGlobalIDString = 84FEF19B1ED4094900EA3752;
			remoteInfo = Kalkulator;
		};
/* End PBXContainerItemProxy section */

/* Begin PBXFileReference section */
		842B130D1ED714C500A8BC12 /* Calculator.model.swift */ = {isa = PBXFileReference; fileEncoding = 4; lastKnownFileType = sourcecode.swift; path = Calculator.model.swift; sourceTree = "<group>"; };
		84FEF19C1ED4094900EA3752 /* Kalkulator.app */ = {isa = PBXFileReference; explicitFileType = wrapper.application; includeInIndex = 0; path = Kalkulator.app; sourceTree = BUILT_PRODUCTS_DIR; };
		84FEF19F1ED4094900EA3752 /* AppDelegate.swift */ = {isa = PBXFileReference; lastKnownFileType = sourcecode.swift; path = AppDelegate.swift; sourceTree = "<group>"; };
		84FEF1A11ED4094900EA3752 /* ViewController.swift */ = {isa = PBXFileReference; lastKnownFileType = sourcecode.swift; path = ViewController.swift; sourceTree = "<group>"; };
		84FEF1A41ED4094900EA3752 /* Base */ = {isa = PBXFileReference; lastKnownFileType = file.storyboard; name = Base; path = Base.lproj/Main.storyboard; sourceTree = "<group>"; };
		84FEF1A61ED4094900EA3752 /* Assets.xcassets */ = {isa = PBXFileReference; lastKnownFileType = folder.assetcatalog; path = Assets.xcassets; sourceTree = "<group>"; };
		84FEF1A91ED4094900EA3752 /* Base */ = {isa = PBXFileReference; lastKnownFileType = file.storyboard; name = Base; path = Base.lproj/LaunchScreen.storyboard; sourceTree = "<group>"; };
		84FEF1AB1ED4094900EA3752 /* Info.plist */ = {isa = PBXFileReference; lastKnownFileType = text.plist.xml; path = Info.plist; sourceTree = "<group>"; };
		84FEF1B01ED4094900EA3752 /* KalkulatorTests.xctest */ = {isa = PBXFileReference; explicitFileType = wrapper.cfbundle; includeInIndex = 0; path = KalkulatorTests.xctest; sourceTree = BUILT_PRODUCTS_DIR; };
		84FEF1B41ED4094900EA3752 /* KalkulatorTests.swift */ = {isa = PBXFileReference; lastKnownFileType = sourcecode.swift; path = KalkulatorTests.swift; sourceTree = "<group>"; };
		84FEF1B61ED4094900EA3752 /* Info.plist */ = {isa = PBXFileReference; lastKnownFileType = text.plist.xml; path = Info.plist; sourceTree = "<group>"; };
		84FEF1BB1ED4094900EA3752 /* KalkulatorUITests.xctest */ = {isa = PBXFileReference; explicitFileType = wrapper.cfbundle; includeInIndex = 0; path = KalkulatorUITests.xctest; sourceTree = BUILT_PRODUCTS_DIR; };
		84FEF1BF1ED4094900EA3752 /* KalkulatorUITests.swift */ = {isa = PBXFileReference; lastKnownFileType = sourcecode.swift; path = KalkulatorUITests.swift; sourceTree = "<group>"; };
		84FEF1C11ED4094900EA3752 /* Info.plist */ = {isa = PBXFileReference; lastKnownFileType = text.plist.xml; path = Info.plist; sourceTree = "<group>"; };
/* End PBXFileReference section */

/* Begin PBXFrameworksBuildPhase section */
		84FEF1991ED4094900EA3752 /* Frameworks */ = {
			isa = PBXFrameworksBuildPhase;
			buildActionMask = 2147483647;
			files = (
			);
			runOnlyForDeploymentPostprocessing = 0;
		};
		84FEF1AD1ED4094900EA3752 /* Frameworks */ = {
			isa = PBXFrameworksBuildPhase;
			buildActionMask = 2147483647;
			files = (
			);
			runOnlyForDeploymentPostprocessing = 0;
		};
		84FEF1B81ED4094900EA3752 /* Frameworks */ = {
			isa = PBXFrameworksBuildPhase;
			buildActionMask = 2147483647;
			files = (
			);
			runOnlyForDeploymentPostprocessing = 0;
		};
/* End PBXFrameworksBuildPhase section */

/* Begin PBXGroup section */
		84FEF1931ED4094900EA3752 = {
			isa = PBXGroup;
			children = (
				84FEF19E1ED4094900EA3752 /* Kalkulator */,
				84FEF1B31ED4094900EA3752 /* KalkulatorTests */,
				84FEF1BE1ED4094900EA3752 /* KalkulatorUITests */,
				84FEF19D1ED4094900EA3752 /* Products */,
			);
			sourceTree = "<group>";
		};
		84FEF19D1ED4094900EA3752 /* Products */ = {
			isa = PBXGroup;
			children = (
				84FEF19C1ED4094900EA3752 /* Kalkulator.app */,
				84FEF1B01ED4094900EA3752 /* KalkulatorTests.xctest */,
				84FEF1BB1ED4094900EA3752 /* KalkulatorUITests.xctest */,
			);
			name = Products;
			sourceTree = "<group>";
		};
		84FEF19E1ED4094900EA3752 /* Kalkulator */ = {
			isa = PBXGroup;
			children = (
				84FEF1A11ED4094900EA3752 /* ViewController.swift */,
				84FEF1A31ED4094900EA3752 /* Main.storyboard */,
				84FEF1CD1ED409D800EA3752 /* Dodatne datoteke */,
				842B130D1ED714C500A8BC12 /* Calculator.model.swift */,
			);
			path = Kalkulator;
			sourceTree = "<group>";
		};
		84FEF1B31ED4094900EA3752 /* KalkulatorTests */ = {
			isa = PBXGroup;
			children = (
				84FEF1B41ED4094900EA3752 /* KalkulatorTests.swift */,
				84FEF1B61ED4094900EA3752 /* Info.plist */,
			);
			path = KalkulatorTests;
			sourceTree = "<group>";
		};
		84FEF1BE1ED4094900EA3752 /* KalkulatorUITests */ = {
			isa = PBXGroup;
			children = (
				84FEF1BF1ED4094900EA3752 /* KalkulatorUITests.swift */,
				84FEF1C11ED4094900EA3752 /* Info.plist */,
			);
			path = KalkulatorUITests;
			sourceTree = "<group>";
		};
		84FEF1CD1ED409D800EA3752 /* Dodatne datoteke */ = {
			isa = PBXGroup;
			children = (
				84FEF19F1ED4094900EA3752 /* AppDelegate.swift */,
				84FEF1A61ED4094900EA3752 /* Assets.xcassets */,
				84FEF1A81ED4094900EA3752 /* LaunchScreen.storyboard */,
				84FEF1AB1ED4094900EA3752 /* Info.plist */,
			);
			name = "Dodatne datoteke";
			sourceTree = "<group>";
		};
/* End PBXGroup section */

/* Begin PBXNativeTarget section */
		84FEF19B1ED4094900EA3752 /* Kalkulator */ = {
			isa = PBXNativeTarget;
			buildConfigurationList = 84FEF1C41ED4094900EA3752 /* Build configuration list for PBXNativeTarget "Kalkulator" */;
			buildPhases = (
				84FEF1981ED4094900EA3752 /* Sources */,
				84FEF1991ED4094900EA3752 /* Frameworks */,
				84FEF19A1ED4094900EA3752 /* Resources */,
			);
			buildRules = (
			);
			dependencies = (
			);
			name = Kalkulator;
			productName = Kalkulator;
			productReference = 84FEF19C1ED4094900EA3752 /* Kalkulator.app */;
			productType = "com.apple.product-type.application";
		};
		84FEF1AF1ED4094900EA3752 /* KalkulatorTests */ = {
			isa = PBXNativeTarget;
			buildConfigurationList = 84FEF1C71ED4094900EA3752 /* Build configuration list for PBXNativeTarget "KalkulatorTests" */;
			buildPhases = (
				84FEF1AC1ED4094900EA3752 /* Sources */,
				84FEF1AD1ED4094900EA3752 /* Frameworks */,
				84FEF1AE1ED4094900EA3752 /* Resources */,
			);
			buildRules = (
			);
			dependencies = (
				84FEF1B21ED4094900EA3752 /* PBXTargetDependency */,
			);
			name = KalkulatorTests;
			productName = KalkulatorTests;
			productReference = 84FEF1B01ED4094900EA3752 /* KalkulatorTests.xctest */;
			productType = "com.apple.product-type.bundle.unit-test";
		};
		84FEF1BA1ED4094900EA3752 /* KalkulatorUITests */ = {
			isa = PBXNativeTarget;
			buildConfigurationList = 84FEF1CA1ED4094900EA3752 /* Build configuration list for PBXNativeTarget "KalkulatorUITests" */;
			buildPhases = (
				84FEF1B71ED4094900EA3752 /* Sources */,
				84FEF1B81ED4094900EA3752 /* Frameworks */,
				84FEF1B91ED4094900EA3752 /* Resources */,
			);
			buildRules = (
			);
			dependencies = (
				84FEF1BD1ED4094900EA3752 /* PBXTargetDependency */,
			);
			name = KalkulatorUITests;
			productName = KalkulatorUITests;
			productReference = 84FEF1BB1ED4094900EA3752 /* KalkulatorUITests.xctest */;
			productType = "com.apple.product-type.bundle.ui-testing";
		};
/* End PBXNativeTarget section */

/* Begin PBXProject section */
		84FEF1941ED4094900EA3752 /* Project object */ = {
			isa = PBXProject;
			attributes = {
				LastSwiftUpdateCheck = 0830;
				LastUpgradeCheck = 0830;
				ORGANIZATIONNAME = BrunoBartol;
				TargetAttributes = {
					84FEF19B1ED4094900EA3752 = {
						CreatedOnToolsVersion = 8.3.2;
						ProvisioningStyle = Automatic;
					};
					84FEF1AF1ED4094900EA3752 = {
						CreatedOnToolsVersion = 8.3.2;
						ProvisioningStyle = Automatic;
						TestTargetID = 84FEF19B1ED4094900EA3752;
					};
					84FEF1BA1ED4094900EA3752 = {
						CreatedOnToolsVersion = 8.3.2;
						ProvisioningStyle = Automatic;
						TestTargetID = 84FEF19B1ED4094900EA3752;
					};
				};
			};
			buildConfigurationList = 84FEF1971ED4094900EA3752 /* Build configuration list for PBXProject "Kalkulator" */;
			compatibilityVersion = "Xcode 3.2";
			developmentRegion = English;
			hasScannedForEncodings = 0;
			knownRegions = (
				en,
				Base,
			);
			mainGroup = 84FEF1931ED4094900EA3752;
			productRefGroup = 84FEF19D1ED4094900EA3752 /* Products */;
			projectDirPath = "";
			projectRoot = "";
			targets = (
				84FEF19B1ED4094900EA3752 /* Kalkulator */,
				84FEF1AF1ED4094900EA3752 /* KalkulatorTests */,
				84FEF1BA1ED4094900EA3752 /* KalkulatorUITests */,
			);
		};
/* End PBXProject section */

/* Begin PBXResourcesBuildPhase section */
		84FEF19A1ED4094900EA3752 /* Resources */ = {
			isa = PBXResourcesBuildPhase;
			buildActionMask = 2147483647;
			files = (
				84FEF1AA1ED4094900EA3752 /* LaunchScreen.storyboard in Resources */,
				84FEF1A71ED4094900EA3752 /* Assets.xcassets in Resources */,
				84FEF1A51ED4094900EA3752 /* Main.storyboard in Resources */,
			);
			runOnlyForDeploymentPostprocessing = 0;
		};
		84FEF1AE1ED4094900EA3752 /* Resources */ = {
			isa = PBXResourcesBuildPhase;
			buildActionMask = 2147483647;
			files = (
			);
			runOnlyForDeploymentPostprocessing = 0;
		};
		84FEF1B91ED4094900EA3752 /* Resources */ = {
			isa = PBXResourcesBuildPhase;
			buildActionMask = 2147483647;
			files = (
			);
			runOnlyForDeploymentPostprocessing = 0;
		};
/* End PBXResourcesBuildPhase section */

/* Begin PBXSourcesBuildPhase section */
		84FEF1981ED4094900EA3752 /* Sources */ = {
			isa = PBXSourcesBuildPhase;
			buildActionMask = 2147483647;
			files = (
				84FEF1A21ED4094900EA3752 /* ViewController.swift in Sources */,
				842B130E1ED714C500A8BC12 /* Calculator.model.swift in Sources */,
				84FEF1A01ED4094900EA3752 /* AppDelegate.swift in Sources */,
			);
			runOnlyForDeploymentPostprocessing = 0;
		};
		84FEF1AC1ED4094900EA3752 /* Sources */ = {
			isa = PBXSourcesBuildPhase;
			buildActionMask = 2147483647;
			files = (
				84FEF1B51ED4094900EA3752 /* KalkulatorTests.swift in Sources */,
			);
			runOnlyForDeploymentPostprocessing = 0;
		};
		84FEF1B71ED4094900EA3752 /* Sources */ = {
			isa = PBXSourcesBuildPhase;
			buildActionMask = 2147483647;
			files = (
				84FEF1C01ED4094900EA3752 /* KalkulatorUITests.swift in Sources */,
			);
			runOnlyForDeploymentPostprocessing = 0;
		};
/* End PBXSourcesBuildPhase section */

/* Begin PBXTargetDependency section */
		84FEF1B21ED4094900EA3752 /* PBXTargetDependency */ = {
			isa = PBXTargetDependency;
			target = 84FEF19B1ED4094900EA3752 /* Kalkulator */;
			targetProxy = 84FEF1B11ED4094900EA3752 /* PBXContainerItemProxy */;
		};
		84FEF1BD1ED4094900EA3752 /* PBXTargetDependency */ = {
			isa = PBXTargetDependency;
			target = 84FEF19B1ED4094900EA3752 /* Kalkulator */;
			targetProxy = 84FEF1BC1ED4094900EA3752 /* PBXContainerItemProxy */;
		};
/* End PBXTargetDependency section */

/* Begin PBXVariantGroup section */
		84FEF1A31ED4094900EA3752 /* Main.storyboard */ = {
			isa = PBXVariantGroup;
			children = (
				84FEF1A41ED4094900EA3752 /* Base */,
			);
			name = Main.storyboard;
			sourceTree = "<group>";
		};
		84FEF1A81ED4094900EA3752 /* LaunchScreen.storyboard */ = {
			isa = PBXVariantGroup;
			children = (
				84FEF1A91ED4094900EA3752 /* Base */,
			);
			name = LaunchScreen.storyboard;
			sourceTree = "<group>";
		};
/* End PBXVariantGroup section */

/* Begin XCBuildConfiguration section */
		84FEF1C21ED4094900EA3752 /* Debug */ = {
			isa = XCBuildConfiguration;
			buildSettings = {
				ALWAYS_SEARCH_USER_PATHS = NO;
				CLANG_ANALYZER_NONNULL = YES;
				CLANG_ANALYZER_NUMBER_OBJECT_CONVERSION = YES_AGGRESSIVE;
				CLANG_CXX_LANGUAGE_STANDARD = "gnu++0x";
				CLANG_CXX_LIBRARY = "libc++";
				CLANG_ENABLE_MODULES = YES;
				CLANG_ENABLE_OBJC_ARC = YES;
				CLANG_WARN_BOOL_CONVERSION = YES;
				CLANG_WARN_CONSTANT_CONVERSION = YES;
				CLANG_WARN_DIRECT_OBJC_ISA_USAGE = YES_ERROR;
				CLANG_WARN_DOCUMENTATION_COMMENTS = YES;
				CLANG_WARN_EMPTY_BODY = YES;
				CLANG_WARN_ENUM_CONVERSION = YES;
				CLANG_WARN_INFINITE_RECURSION = YES;
				CLANG_WARN_INT_CONVERSION = YES;
				CLANG_WARN_OBJC_ROOT_CLASS = YES_ERROR;
				CLANG_WARN_SUSPICIOUS_MOVE = YES;
				CLANG_WARN_UNREACHABLE_CODE = YES;
				CLANG_WARN__DUPLICATE_METHOD_MATCH = YES;
				"CODE_SIGN_IDENTITY[sdk=iphoneos*]" = "iPhone Developer";
				COPY_PHASE_STRIP = NO;
				DEBUG_INFORMATION_FORMAT = dwarf;
				ENABLE_STRICT_OBJC_MSGSEND = YES;
				ENABLE_TESTABILITY = YES;
				GCC_C_LANGUAGE_STANDARD = gnu99;
				GCC_DYNAMIC_NO_PIC = NO;
				GCC_NO_COMMON_BLOCKS = YES;
				GCC_OPTIMIZATION_LEVEL = 0;
				GCC_PREPROCESSOR_DEFINITIONS = (
					"DEBUG=1",
					"$(inherited)",
				);
				GCC_WARN_64_TO_32_BIT_CONVERSION = YES;
				GCC_WARN_ABOUT_RETURN_TYPE = YES_ERROR;
				GCC_WARN_UNDECLARED_SELECTOR = YES;
				GCC_WARN_UNINITIALIZED_AUTOS = YES_AGGRESSIVE;
				GCC_WARN_UNUSED_FUNCTION = YES;
				GCC_WARN_UNUSED_VARIABLE = YES;
				IPHONEOS_DEPLOYMENT_TARGET = 10.3;
				MTL_ENABLE_DEBUG_INFO = YES;
				ONLY_ACTIVE_ARCH = YES;
				SDKROOT = iphoneos;
				SWIFT_ACTIVE_COMPILATION_CONDITIONS = DEBUG;
				SWIFT_OPTIMIZATION_LEVEL = "-Onone";
				TARGETED_DEVICE_FAMILY = "1,2";
			};
			name = Debug;
		};
		84FEF1C31ED4094900EA3752 /* Release */ = {
			isa = XCBuildConfiguration;
			buildSettings = {
				ALWAYS_SEARCH_USER_PATHS = NO;
				CLANG_ANALYZER_NONNULL = YES;
				CLANG_ANALYZER_NUMBER_OBJECT_CONVERSION = YES_AGGRESSIVE;
				CLANG_CXX_LANGUAGE_STANDARD = "gnu++0x";
				CLANG_CXX_LIBRARY = "libc++";
				CLANG_ENABLE_MODULES = YES;
				CLANG_ENABLE_OBJC_ARC = YES;
				CLANG_WARN_BOOL_CONVERSION = YES;
				CLANG_WARN_CONSTANT_CONVERSION = YES;
				CLANG_WARN_DIRECT_OBJC_ISA_USAGE = YES_ERROR;
				CLANG_WARN_DOCUMENTATION_COMMENTS = YES;
				CLANG_WARN_EMPTY_BODY = YES;
				CLANG_WARN_ENUM_CONVERSION = YES;
				CLANG_WARN_INFINITE_RECURSION = YES;
				CLANG_WARN_INT_CONVERSION = YES;
				CLANG_WARN_OBJC_ROOT_CLASS = YES_ERROR;
				CLANG_WARN_SUSPICIOUS_MOVE = YES;
				CLANG_WARN_UNREACHABLE_CODE = YES;
				CLANG_WARN__DUPLICATE_METHOD_MATCH = YES;
				"CODE_SIGN_IDENTITY[sdk=iphoneos*]" = "iPhone Developer";
				COPY_PHASE_STRIP = NO;
				DEBUG_INFORMATION_FORMAT = "dwarf-with-dsym";
				ENABLE_NS_ASSERTIONS = NO;
				ENABLE_STRICT_OBJC_MSGSEND = YES;
				GCC_C_LANGUAGE_STANDARD = gnu99;
				GCC_NO_COMMON_BLOCKS = YES;
				GCC_WARN_64_TO_32_BIT_CONVERSION = YES;
				GCC_WARN_ABOUT_RETURN_TYPE = YES_ERROR;
				GCC_WARN_UNDECLARED_SELECTOR = YES;
				GCC_WARN_UNINITIALIZED_AUTOS = YES_AGGRESSIVE;
				GCC_WARN_UNUSED_FUNCTION = YES;
				GCC_WARN_UNUSED_VARIABLE = YES;
				IPHONEOS_DEPLOYMENT_TARGET = 10.3;
				MTL_ENABLE_DEBUG_INFO = NO;
				SDKROOT = iphoneos;
				SWIFT_OPTIMIZATION_LEVEL = "-Owholemodule";
				TARGETED_DEVICE_FAMILY = "1,2";
				VALIDATE_PRODUCT = YES;
			};
			name = Release;
		};
		84FEF1C51ED4094900EA3752 /* Debug */ = {
			isa = XCBuildConfiguration;
			buildSettings = {
				ASSETCATALOG_COMPILER_APPICON_NAME = AppIcon;
				INFOPLIST_FILE = Kalkulator/Info.plist;
				LD_RUNPATH_SEARCH_PATHS = "$(inherited) @executable_path/Frameworks";
				PRODUCT_BUNDLE_IDENTIFIER = "bruno.bartol-racunarstvo.hr.Kalkulator";
				PRODUCT_NAME = "$(TARGET_NAME)";
				SWIFT_VERSION = 3.0;
			};
			name = Debug;
		};
		84FEF1C61ED4094900EA3752 /* Release */ = {
			isa = XCBuildConfiguration;
			buildSettings = {
				ASSETCATALOG_COMPILER_APPICON_NAME = AppIcon;
				INFOPLIST_FILE = Kalkulator/Info.plist;
				LD_RUNPATH_SEARCH_PATHS = "$(inherited) @executable_path/Frameworks";
				PRODUCT_BUNDLE_IDENTIFIER = "bruno.bartol-racunarstvo.hr.Kalkulator";
				PRODUCT_NAME = "$(TARGET_NAME)";
				SWIFT_VERSION = 3.0;
			};
			name = Release;
		};
		84FEF1C81ED4094900EA3752 /* Debug */ = {
			isa = XCBuildConfiguration;
			buildSettings = {
				ALWAYS_EMBED_SWIFT_STANDARD_LIBRARIES = YES;
				BUNDLE_LOADER = "$(TEST_HOST)";
				INFOPLIST_FILE = KalkulatorTests/Info.plist;
				LD_RUNPATH_SEARCH_PATHS = "$(inherited) @executable_path/Frameworks @loader_path/Frameworks";
				PRODUCT_BUNDLE_IDENTIFIER = "bruno.bartol-racunarstvo.hr.KalkulatorTests";
				PRODUCT_NAME = "$(TARGET_NAME)";
				SWIFT_VERSION = 3.0;
				TEST_HOST = "$(BUILT_PRODUCTS_DIR)/Kalkulator.app/Kalkulator";
			};
			name = Debug;
		};
		84FEF1C91ED4094900EA3752 /* Release */ = {
			isa = XCBuildConfiguration;
			buildSettings = {
				ALWAYS_EMBED_SWIFT_STANDARD_LIBRARIES = YES;
				BUNDLE_LOADER = "$(TEST_HOST)";
				INFOPLIST_FILE = KalkulatorTests/Info.plist;
				LD_RUNPATH_SEARCH_PATHS = "$(inherited) @executable_path/Frameworks @loader_path/Frameworks";
				PRODUCT_BUNDLE_IDENTIFIER = "bruno.bartol-racunarstvo.hr.KalkulatorTests";
				PRODUCT_NAME = "$(TARGET_NAME)";
				SWIFT_VERSION = 3.0;
				TEST_HOST = "$(BUILT_PRODUCTS_DIR)/Kalkulator.app/Kalkulator";
			};
			name = Release;
		};
		84FEF1CB1ED4094900EA3752 /* Debug */ = {
			isa = XCBuildConfiguration;
			buildSettings = {
				ALWAYS_EMBED_SWIFT_STANDARD_LIBRARIES = YES;
				INFOPLIST_FILE = KalkulatorUITests/Info.plist;
				LD_RUNPATH_SEARCH_PATHS = "$(inherited) @executable_path/Frameworks @loader_path/Frameworks";
				PRODUCT_BUNDLE_IDENTIFIER = "bruno.bartol-racunarstvo.hr.KalkulatorUITests";
				PRODUCT_NAME = "$(TARGET_NAME)";
				SWIFT_VERSION = 3.0;
				TEST_TARGET_NAME = Kalkulator;
			};
			name = Debug;
		};
		84FEF1CC1ED4094900EA3752 /* Release */ = {
			isa = XCBuildConfiguration;
			buildSettings = {
				ALWAYS_EMBED_SWIFT_STANDARD_LIBRARIES = YES;
				INFOPLIST_FILE = KalkulatorUITests/Info.plist;
				LD_RUNPATH_SEARCH_PATHS = "$(inherited) @executable_path/Frameworks @loader_path/Frameworks";
				PRODUCT_BUNDLE_IDENTIFIER = "bruno.bartol-racunarstvo.hr.KalkulatorUITests";
				PRODUCT_NAME = "$(TARGET_NAME)";
				SWIFT_VERSION = 3.0;
				TEST_TARGET_NAME = Kalkulator;
			};
			name = Release;
		};
/* End XCBuildConfiguration section */

/* Begin XCConfigurationList section */
		84FEF1971ED4094900EA3752 /* Build configuration list for PBXProject "Kalkulator" */ = {
			isa = XCConfigurationList;
			buildConfigurations = (
				84FEF1C21ED4094900EA3752 /* Debug */,
				84FEF1C31ED4094900EA3752 /* Release */,
			);
			defaultConfigurationIsVisible = 0;
			defaultConfigurationName = Release;
		};
		84FEF1C41ED4094900EA3752 /* Build configuration list for PBXNativeTarget "Kalkulator" */ = {
			isa = XCConfigurationList;
			buildConfigurations = (
				84FEF1C51ED4094900EA3752 /* Debug */,
				84FEF1C61ED4094900EA3752 /* Release */,
			);
			defaultConfigurationIsVisible = 0;
			defaultConfigurationName = Release;
		};
		84FEF1C71ED4094900EA3752 /* Build configuration list for PBXNativeTarget "KalkulatorTests" */ = {
			isa = XCConfigurationList;
			buildConfigurations = (
				84FEF1C81ED4094900EA3752 /* Debug */,
				84FEF1C91ED4094900EA3752 /* Release */,
			);
			defaultConfigurationIsVisible = 0;
			defaultConfigurationName = Release;
		};
		84FEF1CA1ED4094900EA3752 /* Build configuration list for PBXNativeTarget "KalkulatorUITests" */ = {
			isa = XCConfigurationList;
			buildConfigurations = (
				84FEF1CB1ED4094900EA3752 /* Debug */,
				84FEF1CC1ED4094900EA3752 /* Release */,
			);
			defaultConfigurationIsVisible = 0;
			defaultConfigurationName = Release;
		};
/* End XCConfigurationList section */
	};
	rootObject = 84FEF1941ED4094900EA3752 /* Project object */;
}
